<Solution>
  <Folder Name="/src/">
    <Project Path="src/LarisVMS.Core/LarisVMS.Core.csproj" />
    <Project Path="src/LarisVMS.Onvif/LarisVMS.Onvif.csproj" />
    <Project Path="src/LarisVMS.Media/LarisVMS.Media.csproj" />
    <Project Path="src/LarisVMS.Infrastructure/LarisVMS.Infrastructure.csproj" />
    <Project Path="src/LarisVMS.Web/LarisVMS.Web.csproj" />
    <Project Path="src/LarisVMS.Node/LarisVMS.Node.csproj" />
    <Project Path="src/LarisVMS.NodeUpdater/LarisVMS.NodeUpdater.csproj" />
  </Folder>
  <Folder Name="/tests/">
    <Project Path="tests/LarisVMS.Tests/LarisVMS.Tests.csproj" />
  </Folder>
</Solution>
